
Microsoft Visual Studio Solution File, Format Version 11.00
# Visual Studio 2010
Project("{FAE04EC0-301F-11D3-BF4B-00C04F79EFBC}") = "Drikka.Geo.Geometry", "Drikka.Geo.Geometry\Drikka.Geo.Geometry.csproj", "{1E9DF76E-89E6-458E-854F-043DDF75CEE5}"
EndProject
Project("{2150E333-8FDC-42A3-9474-1A3956D46DE8}") = "Contracts", "Contracts", "{24F6FC62-B681-4003-ACA1-3FF1A5B39760}"
EndProject
Project("{FAE04EC0-301F-11D3-BF4B-00C04F79EFBC}") = "Drikka.Geo.Data.Contracts", "Contracts\Drikka.Geo.Data.Contracts\Drikka.Geo.Data.Contracts.csproj", "{C91916B3-D96F-4384-B9DE-FAF8D9EA55C3}"
EndProject
Project("{FAE04EC0-301F-11D3-BF4B-00C04F79EFBC}") = "Drikka.Geo.Geometry.Contracts", "Contracts\Drikka.Geo.Geometry.Contracts\Drikka.Geo.Geometry.Contracts.csproj", "{335EF9BD-9A33-4037-B604-87D2696EC9C6}"
EndProject
Project("{FAE04EC0-301F-11D3-BF4B-00C04F79EFBC}") = "Drikka.Geo.Data.Postgre", "Drikka.Geo.Data.Postgre\Drikka.Geo.Data.Postgre.csproj", "{BD961174-B739-45CB-B81D-E5831D312470}"
EndProject
Project("{FAE04EC0-301F-11D3-BF4B-00C04F79EFBC}") = "Drikka.Geo.Data.Mapping", "Drikka.Geo.Data.Mapping\Drikka.Geo.Data.Mapping.csproj", "{79F3CED7-97E9-485D-A872-98861C96AD4C}"
EndProject
Project("{2150E333-8FDC-42A3-9474-1A3956D46DE8}") = "Tests", "Tests", "{93414A06-A37E-455A-B411-288A3700EF9A}"
EndProject
Project("{FAE04EC0-301F-11D3-BF4B-00C04F79EFBC}") = "Drikka.Geo.Data.Mapping.Tests.Unit", "Tests\Drikka.Geo.Data.Mapping.Tests.Unit\Drikka.Geo.Data.Mapping.Tests.Unit.csproj", "{6A87A3F0-74FD-4083-A1C3-BC5F72B0784F}"
EndProject
Project("{2150E333-8FDC-42A3-9474-1A3956D46DE8}") = "Solution Items", "Solution Items", "{2A9832FB-ACD5-4089-B578-0B5C47F51A59}"
	ProjectSection(SolutionItems) = preProject
		Drikka.vsmdi = Drikka.vsmdi
		Local.testsettings = Local.testsettings
		TraceAndTestImpact.testsettings = TraceAndTestImpact.testsettings
	EndProjectSection
EndProject
Project("{2150E333-8FDC-42A3-9474-1A3956D46DE8}") = "Contribs", "Contribs", "{887AA625-B778-41EF-BE33-DF62543E8CAA}"
EndProject
Project("{FAE04EC0-301F-11D3-BF4B-00C04F79EFBC}") = "Manon", "..\..\Manon\Manon\Manon.csproj", "{403937AA-2AC1-4F0C-8558-26445C2D12B6}"
EndProject
Project("{FAE04EC0-301F-11D3-BF4B-00C04F79EFBC}") = "Drikka.Geo.Data", "Drikka.Geo.Data\Drikka.Geo.Data.csproj", "{F264430F-08CA-462C-A63A-506930BFD49A}"
EndProject
Project("{FAE04EC0-301F-11D3-BF4B-00C04F79EFBC}") = "Drikka.Common", "Drikka.Common\Drikka.Common.csproj", "{3FA6F7F9-C19D-4118-96BF-2B9B9BB192FD}"
EndProject
Project("{FAE04EC0-301F-11D3-BF4B-00C04F79EFBC}") = "Drikka.Geo.Data.Tests", "Drikka.Geo.Data.Tests\Drikka.Geo.Data.Tests.csproj", "{C2C59136-9277-44AD-9307-B4B212419FE7}"
EndProject
Project("{FAE04EC0-301F-11D3-BF4B-00C04F79EFBC}") = "Drikka.Geo.Tests.Common", "Tests\Drikka.Geo.Tests.Common\Drikka.Geo.Tests.Common.csproj", "{02B82CDF-E6B2-4AE8-87F2-A686F5601B2A}"
EndProject
Project("{2150E333-8FDC-42A3-9474-1A3956D46DE8}") = "Diagrams", "Diagrams", "{B223B3C8-E511-4A6B-8DD3-DC23E7372864}"
EndProject
Project("{F088123C-0E9E-452A-89E6-6BA2F21D5CAC}") = "Diagrams", "Diagrams\Diagrams\Diagrams.modelproj", "{DA644E70-954A-4A07-BB19-C0E4A388E72C}"
EndProject
Project("{FAE04EC0-301F-11D3-BF4B-00C04F79EFBC}") = "Drikka.Geo.Common.Contracts", "Contracts\Drikka.Geo.Common.Contracts\Drikka.Geo.Common.Contracts.csproj", "{9BF4BCD0-DB30-47CD-8A37-35D957C0A57F}"
EndProject
Project("{FAE04EC0-301F-11D3-BF4B-00C04F79EFBC}") = "Drikka.Geo.Data.Query", "Drikka.Geo.Data.Query\Drikka.Geo.Data.Query.csproj", "{1796CD23-FA55-44F9-9D38-B87011C36ADD}"
EndProject
Global
	GlobalSection(TestCaseManagementSettings) = postSolution
		CategoryFile = Drikka.vsmdi
	EndGlobalSection
	GlobalSection(SolutionConfigurationPlatforms) = preSolution
		Debug|Any CPU = Debug|Any CPU
		Release|Any CPU = Release|Any CPU
	EndGlobalSection
	GlobalSection(ProjectConfigurationPlatforms) = postSolution
		{1E9DF76E-89E6-458E-854F-043DDF75CEE5}.Debug|Any CPU.ActiveCfg = Debug|Any CPU
		{1E9DF76E-89E6-458E-854F-043DDF75CEE5}.Debug|Any CPU.Build.0 = Debug|Any CPU
		{1E9DF76E-89E6-458E-854F-043DDF75CEE5}.Release|Any CPU.ActiveCfg = Release|Any CPU
		{1E9DF76E-89E6-458E-854F-043DDF75CEE5}.Release|Any CPU.Build.0 = Release|Any CPU
		{C91916B3-D96F-4384-B9DE-FAF8D9EA55C3}.Debug|Any CPU.ActiveCfg = Debug|Any CPU
		{C91916B3-D96F-4384-B9DE-FAF8D9EA55C3}.Debug|Any CPU.Build.0 = Debug|Any CPU
		{C91916B3-D96F-4384-B9DE-FAF8D9EA55C3}.Release|Any CPU.ActiveCfg = Release|Any CPU
		{C91916B3-D96F-4384-B9DE-FAF8D9EA55C3}.Release|Any CPU.Build.0 = Release|Any CPU
		{335EF9BD-9A33-4037-B604-87D2696EC9C6}.Debug|Any CPU.ActiveCfg = Debug|Any CPU
		{335EF9BD-9A33-4037-B604-87D2696EC9C6}.Debug|Any CPU.Build.0 = Debug|Any CPU
		{335EF9BD-9A33-4037-B604-87D2696EC9C6}.Release|Any CPU.ActiveCfg = Release|Any CPU
		{335EF9BD-9A33-4037-B604-87D2696EC9C6}.Release|Any CPU.Build.0 = Release|Any CPU
		{BD961174-B739-45CB-B81D-E5831D312470}.Debug|Any CPU.ActiveCfg = Debug|Any CPU
		{BD961174-B739-45CB-B81D-E5831D312470}.Debug|Any CPU.Build.0 = Debug|Any CPU
		{BD961174-B739-45CB-B81D-E5831D312470}.Release|Any CPU.ActiveCfg = Release|Any CPU
		{BD961174-B739-45CB-B81D-E5831D312470}.Release|Any CPU.Build.0 = Release|Any CPU
		{79F3CED7-97E9-485D-A872-98861C96AD4C}.Debug|Any CPU.ActiveCfg = Debug|Any CPU
		{79F3CED7-97E9-485D-A872-98861C96AD4C}.Debug|Any CPU.Build.0 = Debug|Any CPU
		{79F3CED7-97E9-485D-A872-98861C96AD4C}.Release|Any CPU.ActiveCfg = Release|Any CPU
		{79F3CED7-97E9-485D-A872-98861C96AD4C}.Release|Any CPU.Build.0 = Release|Any CPU
		{6A87A3F0-74FD-4083-A1C3-BC5F72B0784F}.Debug|Any CPU.ActiveCfg = Debug|Any CPU
		{6A87A3F0-74FD-4083-A1C3-BC5F72B0784F}.Debug|Any CPU.Build.0 = Debug|Any CPU
		{6A87A3F0-74FD-4083-A1C3-BC5F72B0784F}.Release|Any CPU.ActiveCfg = Release|Any CPU
		{6A87A3F0-74FD-4083-A1C3-BC5F72B0784F}.Release|Any CPU.Build.0 = Release|Any CPU
		{403937AA-2AC1-4F0C-8558-26445C2D12B6}.Debug|Any CPU.ActiveCfg = Debug|Any CPU
		{403937AA-2AC1-4F0C-8558-26445C2D12B6}.Debug|Any CPU.Build.0 = Debug|Any CPU
		{403937AA-2AC1-4F0C-8558-26445C2D12B6}.Release|Any CPU.ActiveCfg = Release|Any CPU
		{403937AA-2AC1-4F0C-8558-26445C2D12B6}.Release|Any CPU.Build.0 = Release|Any CPU
		{F264430F-08CA-462C-A63A-506930BFD49A}.Debug|Any CPU.ActiveCfg = Debug|Any CPU
		{F264430F-08CA-462C-A63A-506930BFD49A}.Debug|Any CPU.Build.0 = Debug|Any CPU
		{F264430F-08CA-462C-A63A-506930BFD49A}.Release|Any CPU.ActiveCfg = Release|Any CPU
		{F264430F-08CA-462C-A63A-506930BFD49A}.Release|Any CPU.Build.0 = Release|Any CPU
		{3FA6F7F9-C19D-4118-96BF-2B9B9BB192FD}.Debug|Any CPU.ActiveCfg = Debug|Any CPU
		{3FA6F7F9-C19D-4118-96BF-2B9B9BB192FD}.Debug|Any CPU.Build.0 = Debug|Any CPU
		{3FA6F7F9-C19D-4118-96BF-2B9B9BB192FD}.Release|Any CPU.ActiveCfg = Release|Any CPU
		{3FA6F7F9-C19D-4118-96BF-2B9B9BB192FD}.Release|Any CPU.Build.0 = Release|Any CPU
		{C2C59136-9277-44AD-9307-B4B212419FE7}.Debug|Any CPU.ActiveCfg = Debug|Any CPU
		{C2C59136-9277-44AD-9307-B4B212419FE7}.Debug|Any CPU.Build.0 = Debug|Any CPU
		{C2C59136-9277-44AD-9307-B4B212419FE7}.Release|Any CPU.ActiveCfg = Release|Any CPU
		{C2C59136-9277-44AD-9307-B4B212419FE7}.Release|Any CPU.Build.0 = Release|Any CPU
		{02B82CDF-E6B2-4AE8-87F2-A686F5601B2A}.Debug|Any CPU.ActiveCfg = Debug|Any CPU
		{02B82CDF-E6B2-4AE8-87F2-A686F5601B2A}.Debug|Any CPU.Build.0 = Debug|Any CPU
		{02B82CDF-E6B2-4AE8-87F2-A686F5601B2A}.Release|Any CPU.ActiveCfg = Release|Any CPU
		{02B82CDF-E6B2-4AE8-87F2-A686F5601B2A}.Release|Any CPU.Build.0 = Release|Any CPU
		{DA644E70-954A-4A07-BB19-C0E4A388E72C}.Debug|Any CPU.ActiveCfg = Debug|Any CPU
		{DA644E70-954A-4A07-BB19-C0E4A388E72C}.Debug|Any CPU.Build.0 = Debug|Any CPU
		{DA644E70-954A-4A07-BB19-C0E4A388E72C}.Release|Any CPU.ActiveCfg = Release|Any CPU
		{DA644E70-954A-4A07-BB19-C0E4A388E72C}.Release|Any CPU.Build.0 = Release|Any CPU
		{9BF4BCD0-DB30-47CD-8A37-35D957C0A57F}.Debug|Any CPU.ActiveCfg = Debug|Any CPU
		{9BF4BCD0-DB30-47CD-8A37-35D957C0A57F}.Debug|Any CPU.Build.0 = Debug|Any CPU
		{9BF4BCD0-DB30-47CD-8A37-35D957C0A57F}.Release|Any CPU.ActiveCfg = Release|Any CPU
		{9BF4BCD0-DB30-47CD-8A37-35D957C0A57F}.Release|Any CPU.Build.0 = Release|Any CPU
		{1796CD23-FA55-44F9-9D38-B87011C36ADD}.Debug|Any CPU.ActiveCfg = Debug|Any CPU
		{1796CD23-FA55-44F9-9D38-B87011C36ADD}.Debug|Any CPU.Build.0 = Debug|Any CPU
		{1796CD23-FA55-44F9-9D38-B87011C36ADD}.Release|Any CPU.ActiveCfg = Release|Any CPU
		{1796CD23-FA55-44F9-9D38-B87011C36ADD}.Release|Any CPU.Build.0 = Release|Any CPU
	EndGlobalSection
	GlobalSection(SolutionProperties) = preSolution
		HideSolutionNode = FALSE
	EndGlobalSection
	GlobalSection(NestedProjects) = preSolution
		{C91916B3-D96F-4384-B9DE-FAF8D9EA55C3} = {24F6FC62-B681-4003-ACA1-3FF1A5B39760}
		{335EF9BD-9A33-4037-B604-87D2696EC9C6} = {24F6FC62-B681-4003-ACA1-3FF1A5B39760}
		{9BF4BCD0-DB30-47CD-8A37-35D957C0A57F} = {24F6FC62-B681-4003-ACA1-3FF1A5B39760}
		{6A87A3F0-74FD-4083-A1C3-BC5F72B0784F} = {93414A06-A37E-455A-B411-288A3700EF9A}
		{2A9832FB-ACD5-4089-B578-0B5C47F51A59} = {93414A06-A37E-455A-B411-288A3700EF9A}
		{C2C59136-9277-44AD-9307-B4B212419FE7} = {93414A06-A37E-455A-B411-288A3700EF9A}
		{02B82CDF-E6B2-4AE8-87F2-A686F5601B2A} = {93414A06-A37E-455A-B411-288A3700EF9A}
		{403937AA-2AC1-4F0C-8558-26445C2D12B6} = {887AA625-B778-41EF-BE33-DF62543E8CAA}
		{DA644E70-954A-4A07-BB19-C0E4A388E72C} = {B223B3C8-E511-4A6B-8DD3-DC23E7372864}
	EndGlobalSection
EndGlobal
